
Microsoft Visual Studio Solution File, Format Version 12.00
# Visual Studio Version 17
VisualStudioVersion = 17.11.35327.3
MinimumVisualStudioVersion = 10.0.40219.1
Project("{FAE04EC0-301F-11D3-BF4B-00C04F79EFBC}") = "CatalogProject", "CatalogProject.csproj", "{EFA8825E-D089-4AE9-9B5E-56433CB8E546}"
EndProject
Global
	GlobalSection(SolutionConfigurationPlatforms) = preSolution
		Debug|Any CPU = Debug|Any CPU
		Release|Any CPU = Release|Any CPU
	EndGlobalSection
	GlobalSection(ProjectConfigurationPlatforms) = postSolution
		{EFA8825E-D089-4AE9-9B5E-56433CB8E546}.Debug|Any CPU.ActiveCfg = Debug|Any CPU
		{EFA8825E-D089-4AE9-9B5E-56433CB8E546}.Debug|Any CPU.Build.0 = Debug|Any CPU
		{EFA8825E-D089-4AE9-9B5E-56433CB8E546}.Release|Any CPU.ActiveCfg = Release|Any CPU
		{EFA8825E-D089-4AE9-9B5E-56433CB8E546}.Release|Any CPU.Build.0 = Release|Any CPU
	EndGlobalSection
	GlobalSection(SolutionProperties) = preSolution
		HideSolutionNode = FALSE
	EndGlobalSection
	GlobalSection(ExtensibilityGlobals) = postSolution
		SolutionGuid = {D5C6D330-0E69-4F04-8D45-83F71148D27E}
	EndGlobalSection
EndGlobal
